
Microsoft Visual Studio Solution File, Format Version 12.00
# Visual Studio Version 17
VisualStudioVersion = 17.11.35208.52
MinimumVisualStudioVersion = 10.0.40219.1
Project("{2150E333-8FDC-42A3-9474-1A3956D46DE8}") = "back", "back", "{FCDC28EA-D3AC-4B34-B67A-09DB6A8CB487}"
EndProject
Project("{FAE04EC0-301F-11D3-BF4B-00C04F79EFBC}") = "API", "API\API.csproj", "{56F19C21-FFE6-4D3A-9149-0039011C6377}"
EndProject
Global
	GlobalSection(SolutionConfigurationPlatforms) = preSolution
		Debug|Any CPU = Debug|Any CPU
		Release|Any CPU = Release|Any CPU
	EndGlobalSection
	GlobalSection(ProjectConfigurationPlatforms) = postSolution
		{56F19C21-FFE6-4D3A-9149-0039011C6377}.Debug|Any CPU.ActiveCfg = Debug|Any CPU
		{56F19C21-FFE6-4D3A-9149-0039011C6377}.Debug|Any CPU.Build.0 = Debug|Any CPU
		{56F19C21-FFE6-4D3A-9149-0039011C6377}.Release|Any CPU.ActiveCfg = Release|Any CPU
		{56F19C21-FFE6-4D3A-9149-0039011C6377}.Release|Any CPU.Build.0 = Release|Any CPU
	EndGlobalSection
	GlobalSection(SolutionProperties) = preSolution
		HideSolutionNode = FALSE
	EndGlobalSection
	GlobalSection(NestedProjects) = preSolution
		{56F19C21-FFE6-4D3A-9149-0039011C6377} = {FCDC28EA-D3AC-4B34-B67A-09DB6A8CB487}
	EndGlobalSection
	GlobalSection(ExtensibilityGlobals) = postSolution
		SolutionGuid = {934312E4-B7C2-48E6-BE44-1BB00C729471}
	EndGlobalSection
EndGlobal
